
Microsoft Visual Studio Solution File, Format Version 12.00
# Visual Studio Version 17
VisualStudioVersion = 17.0.32112.339
MinimumVisualStudioVersion = 10.0.40219.1
Project("{FAE04EC0-301F-11D3-BF4B-00C04F79EFBC}") = "CopyGroupPlugin", "CopyGroupPlugin.csproj", "{553B8FA8-1B45-4CDE-A57F-1FDF3CBEE577}"
EndProject
Global
	GlobalSection(SolutionConfigurationPlatforms) = preSolution
		Debug|Any CPU = Debug|Any CPU
		Release|Any CPU = Release|Any CPU
	EndGlobalSection
	GlobalSection(ProjectConfigurationPlatforms) = postSolution
		{553B8FA8-1B45-4CDE-A57F-1FDF3CBEE577}.Debug|Any CPU.ActiveCfg = Debug|Any CPU
		{553B8FA8-1B45-4CDE-A57F-1FDF3CBEE577}.Debug|Any CPU.Build.0 = Debug|Any CPU
		{553B8FA8-1B45-4CDE-A57F-1FDF3CBEE577}.Release|Any CPU.ActiveCfg = Release|Any CPU
		{553B8FA8-1B45-4CDE-A57F-1FDF3CBEE577}.Release|Any CPU.Build.0 = Release|Any CPU
	EndGlobalSection
	GlobalSection(SolutionProperties) = preSolution
		HideSolutionNode = FALSE
	EndGlobalSection
	GlobalSection(ExtensibilityGlobals) = postSolution
		SolutionGuid = {A0D7D43E-45A5-4B19-95C4-DC6E8F7AA9A1}
	EndGlobalSection
EndGlobal
